
Microsoft Visual Studio Solution File, Format Version 12.00
# Visual Studio 14
VisualStudioVersion = 14.0.25123.0
MinimumVisualStudioVersion = 10.0.40219.1
Project("{FAE04EC0-301F-11D3-BF4B-00C04F79EFBC}") = "ToyRobotSimulator", "ToyRobotSimulator\ToyRobotSimulator.csproj", "{7EBA4A9C-7D23-475A-BCB1-F0B7006C2A7E}"
EndProject
Project("{FAE04EC0-301F-11D3-BF4B-00C04F79EFBC}") = "ToyRobotSimulatorUI", "ToyRobotSimulatorUI\ToyRobotSimulatorUI.csproj", "{0ED80CE1-9D80-4D99-886C-25D0DB3936B4}"
EndProject
Project("{FAE04EC0-301F-11D3-BF4B-00C04F79EFBC}") = "ToyRobotSimulatorTests", "ToyRobotSimulatorTests\ToyRobotSimulatorTests.csproj", "{DBE76B7D-F9D8-410D-BDDF-D9F558429E62}"
EndProject
Global
	GlobalSection(SolutionConfigurationPlatforms) = preSolution
		Debug|Any CPU = Debug|Any CPU
		Release|Any CPU = Release|Any CPU
	EndGlobalSection
	GlobalSection(ProjectConfigurationPlatforms) = postSolution
		{7EBA4A9C-7D23-475A-BCB1-F0B7006C2A7E}.Debug|Any CPU.ActiveCfg = Debug|Any CPU
		{7EBA4A9C-7D23-475A-BCB1-F0B7006C2A7E}.Debug|Any CPU.Build.0 = Debug|Any CPU
		{7EBA4A9C-7D23-475A-BCB1-F0B7006C2A7E}.Release|Any CPU.ActiveCfg = Release|Any CPU
		{7EBA4A9C-7D23-475A-BCB1-F0B7006C2A7E}.Release|Any CPU.Build.0 = Release|Any CPU
		{0ED80CE1-9D80-4D99-886C-25D0DB3936B4}.Debug|Any CPU.ActiveCfg = Debug|Any CPU
		{0ED80CE1-9D80-4D99-886C-25D0DB3936B4}.Debug|Any CPU.Build.0 = Debug|Any CPU
		{0ED80CE1-9D80-4D99-886C-25D0DB3936B4}.Release|Any CPU.ActiveCfg = Release|Any CPU
		{0ED80CE1-9D80-4D99-886C-25D0DB3936B4}.Release|Any CPU.Build.0 = Release|Any CPU
		{DBE76B7D-F9D8-410D-BDDF-D9F558429E62}.Debug|Any CPU.ActiveCfg = Debug|Any CPU
		{DBE76B7D-F9D8-410D-BDDF-D9F558429E62}.Debug|Any CPU.Build.0 = Debug|Any CPU
		{DBE76B7D-F9D8-410D-BDDF-D9F558429E62}.Release|Any CPU.ActiveCfg = Release|Any CPU
		{DBE76B7D-F9D8-410D-BDDF-D9F558429E62}.Release|Any CPU.Build.0 = Release|Any CPU
	EndGlobalSection
	GlobalSection(SolutionProperties) = preSolution
		HideSolutionNode = FALSE
	EndGlobalSection
EndGlobal
